
Microsoft Visual Studio Solution File, Format Version 12.00
# Visual Studio 15
VisualStudioVersion = 15.0.28307.1831
MinimumVisualStudioVersion = 10.0.40219.1
Project("{8BC9CEB8-8B4A-11D0-8D11-00A0C91BC942}") = "Inheritance", "Inheritance\Inheritance.vcxproj", "{E526BB91-3577-4EB6-AEC2-C89B76BC4128}"
EndProject
Project("{8BC9CEB8-8B4A-11D0-8D11-00A0C91BC942}") = "Academy", "Academy\Academy.vcxproj", "{B3E2E88C-AC6E-436B-ABC8-202E22F649BD}"
EndProject
Project("{8BC9CEB8-8B4A-11D0-8D11-00A0C91BC942}") = "Files", "Files\Files.vcxproj", "{33725031-10A5-4B10-A649-E0919D47CA9D}"
EndProject
Project("{8BC9CEB8-8B4A-11D0-8D11-00A0C91BC942}") = "AbstrackBaseClass", "AbstrackBaseClass\AbstrackBaseClass.vcxproj", "{D79ED8A4-A5A0-4BB5-B3CB-95DFB928D425}"
EndProject
Project("{8BC9CEB8-8B4A-11D0-8D11-00A0C91BC942}") = "Shape", "Shape\Shape.vcxproj", "{A1CF78CB-8BA0-4A19-9ABD-F326783A30CB}"
EndProject
Project("{8BC9CEB8-8B4A-11D0-8D11-00A0C91BC942}") = "NULLTerminatedLines", "NULLTerminatedLines\NULLTerminatedLines.vcxproj", "{9C719F54-731F-4C0F-8851-BE573B6D5DEB}"
EndProject
Project("{8BC9CEB8-8B4A-11D0-8D11-00A0C91BC942}") = "AbstractGeometry", "AbstractGeometry\AbstractGeometry.vcxproj", "{7BD27391-90BA-4D3B-8349-0AC2EC298642}"
EndProject
Global
	GlobalSection(SolutionConfigurationPlatforms) = preSolution
		Debug|x64 = Debug|x64
		Debug|x86 = Debug|x86
		Release|x64 = Release|x64
		Release|x86 = Release|x86
	EndGlobalSection
	GlobalSection(ProjectConfigurationPlatforms) = postSolution
		{E526BB91-3577-4EB6-AEC2-C89B76BC4128}.Debug|x64.ActiveCfg = Debug|x64
		{E526BB91-3577-4EB6-AEC2-C89B76BC4128}.Debug|x64.Build.0 = Debug|x64
		{E526BB91-3577-4EB6-AEC2-C89B76BC4128}.Debug|x86.ActiveCfg = Debug|Win32
		{E526BB91-3577-4EB6-AEC2-C89B76BC4128}.Debug|x86.Build.0 = Debug|Win32
		{E526BB91-3577-4EB6-AEC2-C89B76BC4128}.Release|x64.ActiveCfg = Release|x64
		{E526BB91-3577-4EB6-AEC2-C89B76BC4128}.Release|x64.Build.0 = Release|x64
		{E526BB91-3577-4EB6-AEC2-C89B76BC4128}.Release|x86.ActiveCfg = Release|Win32
		{E526BB91-3577-4EB6-AEC2-C89B76BC4128}.Release|x86.Build.0 = Release|Win32
		{B3E2E88C-AC6E-436B-ABC8-202E22F649BD}.Debug|x64.ActiveCfg = Debug|x64
		{B3E2E88C-AC6E-436B-ABC8-202E22F649BD}.Debug|x64.Build.0 = Debug|x64
		{B3E2E88C-AC6E-436B-ABC8-202E22F649BD}.Debug|x86.ActiveCfg = Debug|Win32
		{B3E2E88C-AC6E-436B-ABC8-202E22F649BD}.Debug|x86.Build.0 = Debug|Win32
		{B3E2E88C-AC6E-436B-ABC8-202E22F649BD}.Release|x64.ActiveCfg = Release|x64
		{B3E2E88C-AC6E-436B-ABC8-202E22F649BD}.Release|x64.Build.0 = Release|x64
		{B3E2E88C-AC6E-436B-ABC8-202E22F649BD}.Release|x86.ActiveCfg = Release|Win32
		{B3E2E88C-AC6E-436B-ABC8-202E22F649BD}.Release|x86.Build.0 = Release|Win32
		{33725031-10A5-4B10-A649-E0919D47CA9D}.Debug|x64.ActiveCfg = Debug|x64
		{33725031-10A5-4B10-A649-E0919D47CA9D}.Debug|x64.Build.0 = Debug|x64
		{33725031-10A5-4B10-A649-E0919D47CA9D}.Debug|x86.ActiveCfg = Debug|Win32
		{33725031-10A5-4B10-A649-E0919D47CA9D}.Debug|x86.Build.0 = Debug|Win32
		{33725031-10A5-4B10-A649-E0919D47CA9D}.Release|x64.ActiveCfg = Release|x64
		{33725031-10A5-4B10-A649-E0919D47CA9D}.Release|x64.Build.0 = Release|x64
		{33725031-10A5-4B10-A649-E0919D47CA9D}.Release|x86.ActiveCfg = Release|Win32
		{33725031-10A5-4B10-A649-E0919D47CA9D}.Release|x86.Build.0 = Release|Win32
		{D79ED8A4-A5A0-4BB5-B3CB-95DFB928D425}.Debug|x64.ActiveCfg = Debug|x64
		{D79ED8A4-A5A0-4BB5-B3CB-95DFB928D425}.Debug|x64.Build.0 = Debug|x64
		{D79ED8A4-A5A0-4BB5-B3CB-95DFB928D425}.Debug|x86.ActiveCfg = Debug|Win32
		{D79ED8A4-A5A0-4BB5-B3CB-95DFB928D425}.Debug|x86.Build.0 = Debug|Win32
		{D79ED8A4-A5A0-4BB5-B3CB-95DFB928D425}.Release|x64.ActiveCfg = Release|x64
		{D79ED8A4-A5A0-4BB5-B3CB-95DFB928D425}.Release|x64.Build.0 = Release|x64
		{D79ED8A4-A5A0-4BB5-B3CB-95DFB928D425}.Release|x86.ActiveCfg = Release|Win32
		{D79ED8A4-A5A0-4BB5-B3CB-95DFB928D425}.Release|x86.Build.0 = Release|Win32
		{A1CF78CB-8BA0-4A19-9ABD-F326783A30CB}.Debug|x64.ActiveCfg = Debug|x64
		{A1CF78CB-8BA0-4A19-9ABD-F326783A30CB}.Debug|x64.Build.0 = Debug|x64
		{A1CF78CB-8BA0-4A19-9ABD-F326783A30CB}.Debug|x86.ActiveCfg = Debug|Win32
		{A1CF78CB-8BA0-4A19-9ABD-F326783A30CB}.Debug|x86.Build.0 = Debug|Win32
		{A1CF78CB-8BA0-4A19-9ABD-F326783A30CB}.Release|x64.ActiveCfg = Release|x64
		{A1CF78CB-8BA0-4A19-9ABD-F326783A30CB}.Release|x64.Build.0 = Release|x64
		{A1CF78CB-8BA0-4A19-9ABD-F326783A30CB}.Release|x86.ActiveCfg = Release|Win32
		{A1CF78CB-8BA0-4A19-9ABD-F326783A30CB}.Release|x86.Build.0 = Release|Win32
		{9C719F54-731F-4C0F-8851-BE573B6D5DEB}.Debug|x64.ActiveCfg = Debug|x64
		{9C719F54-731F-4C0F-8851-BE573B6D5DEB}.Debug|x64.Build.0 = Debug|x64
		{9C719F54-731F-4C0F-8851-BE573B6D5DEB}.Debug|x86.ActiveCfg = Debug|Win32
		{9C719F54-731F-4C0F-8851-BE573B6D5DEB}.Debug|x86.Build.0 = Debug|Win32
		{9C719F54-731F-4C0F-8851-BE573B6D5DEB}.Release|x64.ActiveCfg = Release|x64
		{9C719F54-731F-4C0F-8851-BE573B6D5DEB}.Release|x64.Build.0 = Release|x64
		{9C719F54-731F-4C0F-8851-BE573B6D5DEB}.Release|x86.ActiveCfg = Release|Win32
		{9C719F54-731F-4C0F-8851-BE573B6D5DEB}.Release|x86.Build.0 = Release|Win32
		{7BD27391-90BA-4D3B-8349-0AC2EC298642}.Debug|x64.ActiveCfg = Debug|x64
		{7BD27391-90BA-4D3B-8349-0AC2EC298642}.Debug|x64.Build.0 = Debug|x64
		{7BD27391-90BA-4D3B-8349-0AC2EC298642}.Debug|x86.ActiveCfg = Debug|Win32
		{7BD27391-90BA-4D3B-8349-0AC2EC298642}.Debug|x86.Build.0 = Debug|Win32
		{7BD27391-90BA-4D3B-8349-0AC2EC298642}.Release|x64.ActiveCfg = Release|x64
		{7BD27391-90BA-4D3B-8349-0AC2EC298642}.Release|x64.Build.0 = Release|x64
		{7BD27391-90BA-4D3B-8349-0AC2EC298642}.Release|x86.ActiveCfg = Release|Win32
		{7BD27391-90BA-4D3B-8349-0AC2EC298642}.Release|x86.Build.0 = Release|Win32
	EndGlobalSection
	GlobalSection(SolutionProperties) = preSolution
		HideSolutionNode = FALSE
	EndGlobalSection
	GlobalSection(ExtensibilityGlobals) = postSolution
		SolutionGuid = {7DD0F4C5-0F4B-478E-BB38-1C7EAF2C9ED1}
	EndGlobalSection
EndGlobal
